
Microsoft Visual Studio Solution File, Format Version 12.00
Project("{FAE04EC0-301F-11D3-BF4B-00C04F79EFBC}") = "Day1", "Day1\Day1.csproj", "{770D9D1D-1181-40D5-8BE5-5212EF950D5C}"
EndProject
Project("{FAE04EC0-301F-11D3-BF4B-00C04F79EFBC}") = "Utils", "Utils\Utils.csproj", "{0DC5B14E-74AC-441B-8AA5-7F9C14D134BD}"
EndProject
Project("{FAE04EC0-301F-11D3-BF4B-00C04F79EFBC}") = "Day2", "Day2\Day2.csproj", "{B741F15E-5F34-48D5-BE0D-C3667A655393}"
EndProject
Project("{FAE04EC0-301F-11D3-BF4B-00C04F79EFBC}") = "Day3", "Day3\Day3.csproj", "{09469A35-FCC7-45EE-BEEF-90E4DAD2A514}"
EndProject
Global
	GlobalSection(SolutionConfigurationPlatforms) = preSolution
		Debug|Any CPU = Debug|Any CPU
		Release|Any CPU = Release|Any CPU
	EndGlobalSection
	GlobalSection(ProjectConfigurationPlatforms) = postSolution
		{770D9D1D-1181-40D5-8BE5-5212EF950D5C}.Debug|Any CPU.ActiveCfg = Debug|Any CPU
		{770D9D1D-1181-40D5-8BE5-5212EF950D5C}.Debug|Any CPU.Build.0 = Debug|Any CPU
		{770D9D1D-1181-40D5-8BE5-5212EF950D5C}.Release|Any CPU.ActiveCfg = Release|Any CPU
		{770D9D1D-1181-40D5-8BE5-5212EF950D5C}.Release|Any CPU.Build.0 = Release|Any CPU
		{0DC5B14E-74AC-441B-8AA5-7F9C14D134BD}.Debug|Any CPU.ActiveCfg = Debug|Any CPU
		{0DC5B14E-74AC-441B-8AA5-7F9C14D134BD}.Debug|Any CPU.Build.0 = Debug|Any CPU
		{0DC5B14E-74AC-441B-8AA5-7F9C14D134BD}.Release|Any CPU.ActiveCfg = Release|Any CPU
		{0DC5B14E-74AC-441B-8AA5-7F9C14D134BD}.Release|Any CPU.Build.0 = Release|Any CPU
		{B741F15E-5F34-48D5-BE0D-C3667A655393}.Debug|Any CPU.ActiveCfg = Debug|Any CPU
		{B741F15E-5F34-48D5-BE0D-C3667A655393}.Debug|Any CPU.Build.0 = Debug|Any CPU
		{B741F15E-5F34-48D5-BE0D-C3667A655393}.Release|Any CPU.ActiveCfg = Release|Any CPU
		{B741F15E-5F34-48D5-BE0D-C3667A655393}.Release|Any CPU.Build.0 = Release|Any CPU
		{09469A35-FCC7-45EE-BEEF-90E4DAD2A514}.Debug|Any CPU.ActiveCfg = Debug|Any CPU
		{09469A35-FCC7-45EE-BEEF-90E4DAD2A514}.Debug|Any CPU.Build.0 = Debug|Any CPU
		{09469A35-FCC7-45EE-BEEF-90E4DAD2A514}.Release|Any CPU.ActiveCfg = Release|Any CPU
		{09469A35-FCC7-45EE-BEEF-90E4DAD2A514}.Release|Any CPU.Build.0 = Release|Any CPU
	EndGlobalSection
EndGlobal
